
Microsoft Visual Studio Solution File, Format Version 12.00
# Visual Studio Version 17
VisualStudioVersion = 17.5.33209.295
MinimumVisualStudioVersion = 10.0.40219.1
Project("{9A19103F-16F7-4668-BE54-9A1E7A4F7556}") = "RelayServerTest", "RelayServerTest\RelayServerTest.csproj", "{6CEA8BCC-80AF-4103-B5F3-90A6F7846393}"
EndProject
Project("{2150E333-8FDC-42A3-9474-1A3956D46DE8}") = "Prototypes", "Prototypes", "{8B65CC8C-559F-47B5-9A32-22AE626EC7A5}"
EndProject
Project("{2150E333-8FDC-42A3-9474-1A3956D46DE8}") = "Core", "Core", "{71518F80-1C51-4341-BBC0-70DC1F1940C2}"
EndProject
Project("{9A19103F-16F7-4668-BE54-9A1E7A4F7556}") = "NP.DependencyInjection", "..\..\SubModules\NP.DependencyInjection\src\NP.DependencyInjection.csproj", "{C43FF3C9-B1AC-43E2-8347-221B0AF4094F}"
EndProject
Project("{9A19103F-16F7-4668-BE54-9A1E7A4F7556}") = "NP.IoC.CommonImplementations", "..\..\SubModules\NP.IoC.CommonImplementations\src\NP.IoC.CommonImplementations.csproj", "{C3DC8DE7-F053-449A-9860-46A8BAEEEFD3}"
EndProject
Project("{9A19103F-16F7-4668-BE54-9A1E7A4F7556}") = "NP.Protobuf", "..\..\SubModules\NP.Protobuf\src\NP.Protobuf.csproj", "{059F335E-128C-4F69-8104-320DA9B799FE}"
EndProject
Project("{9A19103F-16F7-4668-BE54-9A1E7A4F7556}") = "NP.Utilities", "..\..\SubModules\NP.Utilities\src\NP.Utilities.csproj", "{18F32FF2-FC29-4B47-8E64-8D7197462038}"
EndProject
Project("{9A19103F-16F7-4668-BE54-9A1E7A4F7556}") = "NP.Grpc.CommonRelayApi", "..\..\src\NP.Grpc.CommonRelayApi.csproj", "{CB48D89B-F26F-45CA-87E0-2D9CFA32958A}"
EndProject
Project("{2150E333-8FDC-42A3-9474-1A3956D46DE8}") = "Plugins", "Plugins", "{0A98C109-F5F7-408B-A6E9-846EA33770F6}"
EndProject
Project("{9A19103F-16F7-4668-BE54-9A1E7A4F7556}") = "NP.TestTopics", "..\..\Plugins\NP.TestTopics\NP.TestTopics.csproj", "{E3F4467D-7950-497F-827B-AD0CCE1D19A1}"
EndProject
Project("{9A19103F-16F7-4668-BE54-9A1E7A4F7556}") = "PublishClientTest", "PublishClientTest\PublishClientTest.csproj", "{E19AA650-FCC7-4375-B3B7-878DA7242CF7}"
EndProject
Project("{9A19103F-16F7-4668-BE54-9A1E7A4F7556}") = "SubscrClientTest", "SubscrClientTest\SubscrClientTest.csproj", "{46622D69-6E8C-4A73-9169-3AF63605C06B}"
EndProject
Project("{9A19103F-16F7-4668-BE54-9A1E7A4F7556}") = "NP.PersonTest", "..\..\Plugins\NP.PersonTest\NP.PersonTest.csproj", "{47080AF7-13A6-4298-ADFF-71731BDB9319}"
EndProject
Project("{9A19103F-16F7-4668-BE54-9A1E7A4F7556}") = "NP.GrpcConfig", "..\..\Plugins\NP.GrpcConfig\NP.GrpcConfig.csproj", "{AD968CAE-C020-42A6-9A14-291AB6DB1BB3}"
EndProject
Project("{9A19103F-16F7-4668-BE54-9A1E7A4F7556}") = "NP.IoCy", "..\..\SubModules\NP.IoCy\src\NP.IoCy.csproj", "{4191D666-8729-486F-A0C4-317DACC2FCA0}"
EndProject
Project("{9A19103F-16F7-4668-BE54-9A1E7A4F7556}") = "NP.Grpc.RelayServiceProto", "..\..\NP.Grpc.RelayServiceProto\NP.Grpc.RelayServiceProto.csproj", "{FD134F71-8A90-4778-AECF-145B123AAFE2}"
EndProject
Project("{888888A0-9F3D-457C-B088-3A5042F75D52}") = "NP.Grpc.PythonRelayInterfaces", "..\..\NP.Grpc.PythonRelayInterfaces\NP.Grpc.PythonRelayInterfaces.pyproj", "{F631530F-1C9B-4639-9746-50B05D35B2C8}"
EndProject
Project("{2150E333-8FDC-42A3-9474-1A3956D46DE8}") = "PythonClients", "PythonClients", "{5F799AFF-AAA6-47DC-81C8-E3F8343FBBD2}"
EndProject
Project("{888888A0-9F3D-457C-B088-3A5042F75D52}") = "SubscribingPythonClientTest", "PythonClients\SubscribingPythonClientTest\SubscribingPythonClientTest.pyproj", "{33FB43E3-13AB-45DC-8F39-FFAAA5A4BE87}"
EndProject
Project("{888888A0-9F3D-457C-B088-3A5042F75D52}") = "PythonPersonStub", "PythonClients\PythonPersonStub\PythonPersonStub.pyproj", "{591117DD-A776-4526-A351-8196C6F98D04}"
EndProject
Project("{888888A0-9F3D-457C-B088-3A5042F75D52}") = "BroadcastingPythonClientTest", "PythonClients\BroadcastingPythonClientTest\BroadcastingPythonClientTest.pyproj", "{5D662C45-D5A3-4EBB-9FBD-A66BF600A690}"
EndProject
Project("{9A19103F-16F7-4668-BE54-9A1E7A4F7556}") = "NP.Grpc.RelayClient", "..\..\Plugins\NP.Grpc.RelayClient\NP.Grpc.RelayClient.csproj", "{9A390D1E-5919-4C25-9910-72130AFF3BA7}"
EndProject
Project("{9A19103F-16F7-4668-BE54-9A1E7A4F7556}") = "NP.Grpc.RelayServer", "..\..\NP.Grpc.RelayServer\NP.Grpc.RelayServer.csproj", "{7F88CC25-6509-44BB-8037-CD3193E933D6}"
EndProject
Project("{2150E333-8FDC-42A3-9474-1A3956D46DE8}") = "RelayInterfaces", "RelayInterfaces", "{631ECC76-99A7-4EB3-BBD3-36738F245A9F}"
EndProject
Project("{9A19103F-16F7-4668-BE54-9A1E7A4F7556}") = "NP.Grpc.ClientRelayApi", "..\..\NP.Grpc.ClientRelayApi\NP.Grpc.ClientRelayApi.csproj", "{C9FBA4FE-9310-4E82-AA8E-7401F0C46175}"
EndProject
Project("{2150E333-8FDC-42A3-9474-1A3956D46DE8}") = "RelayTests", "RelayTests", "{E5BC0585-B1B8-4930-8BB8-5049394ABB1C}"
EndProject
Global
	GlobalSection(SolutionConfigurationPlatforms) = preSolution
		Debug|Any CPU = Debug|Any CPU
		Release|Any CPU = Release|Any CPU
	EndGlobalSection
	GlobalSection(ProjectConfigurationPlatforms) = postSolution
		{6CEA8BCC-80AF-4103-B5F3-90A6F7846393}.Debug|Any CPU.ActiveCfg = Debug|Any CPU
		{6CEA8BCC-80AF-4103-B5F3-90A6F7846393}.Debug|Any CPU.Build.0 = Debug|Any CPU
		{6CEA8BCC-80AF-4103-B5F3-90A6F7846393}.Release|Any CPU.ActiveCfg = Release|Any CPU
		{6CEA8BCC-80AF-4103-B5F3-90A6F7846393}.Release|Any CPU.Build.0 = Release|Any CPU
		{C43FF3C9-B1AC-43E2-8347-221B0AF4094F}.Debug|Any CPU.ActiveCfg = Debug|Any CPU
		{C43FF3C9-B1AC-43E2-8347-221B0AF4094F}.Debug|Any CPU.Build.0 = Debug|Any CPU
		{C43FF3C9-B1AC-43E2-8347-221B0AF4094F}.Release|Any CPU.ActiveCfg = Release|Any CPU
		{C43FF3C9-B1AC-43E2-8347-221B0AF4094F}.Release|Any CPU.Build.0 = Release|Any CPU
		{C3DC8DE7-F053-449A-9860-46A8BAEEEFD3}.Debug|Any CPU.ActiveCfg = Debug|Any CPU
		{C3DC8DE7-F053-449A-9860-46A8BAEEEFD3}.Debug|Any CPU.Build.0 = Debug|Any CPU
		{C3DC8DE7-F053-449A-9860-46A8BAEEEFD3}.Release|Any CPU.ActiveCfg = Release|Any CPU
		{C3DC8DE7-F053-449A-9860-46A8BAEEEFD3}.Release|Any CPU.Build.0 = Release|Any CPU
		{059F335E-128C-4F69-8104-320DA9B799FE}.Debug|Any CPU.ActiveCfg = Debug|Any CPU
		{059F335E-128C-4F69-8104-320DA9B799FE}.Debug|Any CPU.Build.0 = Debug|Any CPU
		{059F335E-128C-4F69-8104-320DA9B799FE}.Release|Any CPU.ActiveCfg = Release|Any CPU
		{059F335E-128C-4F69-8104-320DA9B799FE}.Release|Any CPU.Build.0 = Release|Any CPU
		{18F32FF2-FC29-4B47-8E64-8D7197462038}.Debug|Any CPU.ActiveCfg = Debug|Any CPU
		{18F32FF2-FC29-4B47-8E64-8D7197462038}.Debug|Any CPU.Build.0 = Debug|Any CPU
		{18F32FF2-FC29-4B47-8E64-8D7197462038}.Release|Any CPU.ActiveCfg = Release|Any CPU
		{18F32FF2-FC29-4B47-8E64-8D7197462038}.Release|Any CPU.Build.0 = Release|Any CPU
		{CB48D89B-F26F-45CA-87E0-2D9CFA32958A}.Debug|Any CPU.ActiveCfg = Debug|Any CPU
		{CB48D89B-F26F-45CA-87E0-2D9CFA32958A}.Debug|Any CPU.Build.0 = Debug|Any CPU
		{CB48D89B-F26F-45CA-87E0-2D9CFA32958A}.Release|Any CPU.ActiveCfg = Release|Any CPU
		{CB48D89B-F26F-45CA-87E0-2D9CFA32958A}.Release|Any CPU.Build.0 = Release|Any CPU
		{E3F4467D-7950-497F-827B-AD0CCE1D19A1}.Debug|Any CPU.ActiveCfg = Debug|Any CPU
		{E3F4467D-7950-497F-827B-AD0CCE1D19A1}.Debug|Any CPU.Build.0 = Debug|Any CPU
		{E3F4467D-7950-497F-827B-AD0CCE1D19A1}.Release|Any CPU.ActiveCfg = Release|Any CPU
		{E3F4467D-7950-497F-827B-AD0CCE1D19A1}.Release|Any CPU.Build.0 = Release|Any CPU
		{E19AA650-FCC7-4375-B3B7-878DA7242CF7}.Debug|Any CPU.ActiveCfg = Debug|Any CPU
		{E19AA650-FCC7-4375-B3B7-878DA7242CF7}.Debug|Any CPU.Build.0 = Debug|Any CPU
		{E19AA650-FCC7-4375-B3B7-878DA7242CF7}.Release|Any CPU.ActiveCfg = Release|Any CPU
		{E19AA650-FCC7-4375-B3B7-878DA7242CF7}.Release|Any CPU.Build.0 = Release|Any CPU
		{46622D69-6E8C-4A73-9169-3AF63605C06B}.Debug|Any CPU.ActiveCfg = Debug|Any CPU
		{46622D69-6E8C-4A73-9169-3AF63605C06B}.Debug|Any CPU.Build.0 = Debug|Any CPU
		{46622D69-6E8C-4A73-9169-3AF63605C06B}.Release|Any CPU.ActiveCfg = Release|Any CPU
		{46622D69-6E8C-4A73-9169-3AF63605C06B}.Release|Any CPU.Build.0 = Release|Any CPU
		{47080AF7-13A6-4298-ADFF-71731BDB9319}.Debug|Any CPU.ActiveCfg = Debug|Any CPU
		{47080AF7-13A6-4298-ADFF-71731BDB9319}.Debug|Any CPU.Build.0 = Debug|Any CPU
		{47080AF7-13A6-4298-ADFF-71731BDB9319}.Release|Any CPU.ActiveCfg = Release|Any CPU
		{47080AF7-13A6-4298-ADFF-71731BDB9319}.Release|Any CPU.Build.0 = Release|Any CPU
		{AD968CAE-C020-42A6-9A14-291AB6DB1BB3}.Debug|Any CPU.ActiveCfg = Debug|Any CPU
		{AD968CAE-C020-42A6-9A14-291AB6DB1BB3}.Debug|Any CPU.Build.0 = Debug|Any CPU
		{AD968CAE-C020-42A6-9A14-291AB6DB1BB3}.Release|Any CPU.ActiveCfg = Release|Any CPU
		{AD968CAE-C020-42A6-9A14-291AB6DB1BB3}.Release|Any CPU.Build.0 = Release|Any CPU
		{4191D666-8729-486F-A0C4-317DACC2FCA0}.Debug|Any CPU.ActiveCfg = Debug|Any CPU
		{4191D666-8729-486F-A0C4-317DACC2FCA0}.Debug|Any CPU.Build.0 = Debug|Any CPU
		{4191D666-8729-486F-A0C4-317DACC2FCA0}.Release|Any CPU.ActiveCfg = Release|Any CPU
		{4191D666-8729-486F-A0C4-317DACC2FCA0}.Release|Any CPU.Build.0 = Release|Any CPU
		{FD134F71-8A90-4778-AECF-145B123AAFE2}.Debug|Any CPU.ActiveCfg = Debug|Any CPU
		{FD134F71-8A90-4778-AECF-145B123AAFE2}.Debug|Any CPU.Build.0 = Debug|Any CPU
		{FD134F71-8A90-4778-AECF-145B123AAFE2}.Release|Any CPU.ActiveCfg = Release|Any CPU
		{FD134F71-8A90-4778-AECF-145B123AAFE2}.Release|Any CPU.Build.0 = Release|Any CPU
		{F631530F-1C9B-4639-9746-50B05D35B2C8}.Debug|Any CPU.ActiveCfg = Debug|Any CPU
		{F631530F-1C9B-4639-9746-50B05D35B2C8}.Release|Any CPU.ActiveCfg = Release|Any CPU
		{33FB43E3-13AB-45DC-8F39-FFAAA5A4BE87}.Debug|Any CPU.ActiveCfg = Debug|Any CPU
		{33FB43E3-13AB-45DC-8F39-FFAAA5A4BE87}.Release|Any CPU.ActiveCfg = Release|Any CPU
		{591117DD-A776-4526-A351-8196C6F98D04}.Debug|Any CPU.ActiveCfg = Debug|Any CPU
		{591117DD-A776-4526-A351-8196C6F98D04}.Release|Any CPU.ActiveCfg = Release|Any CPU
		{5D662C45-D5A3-4EBB-9FBD-A66BF600A690}.Debug|Any CPU.ActiveCfg = Debug|Any CPU
		{5D662C45-D5A3-4EBB-9FBD-A66BF600A690}.Release|Any CPU.ActiveCfg = Release|Any CPU
		{9A390D1E-5919-4C25-9910-72130AFF3BA7}.Debug|Any CPU.ActiveCfg = Debug|Any CPU
		{9A390D1E-5919-4C25-9910-72130AFF3BA7}.Debug|Any CPU.Build.0 = Debug|Any CPU
		{9A390D1E-5919-4C25-9910-72130AFF3BA7}.Release|Any CPU.ActiveCfg = Release|Any CPU
		{9A390D1E-5919-4C25-9910-72130AFF3BA7}.Release|Any CPU.Build.0 = Release|Any CPU
		{7F88CC25-6509-44BB-8037-CD3193E933D6}.Debug|Any CPU.ActiveCfg = Debug|Any CPU
		{7F88CC25-6509-44BB-8037-CD3193E933D6}.Debug|Any CPU.Build.0 = Debug|Any CPU
		{7F88CC25-6509-44BB-8037-CD3193E933D6}.Release|Any CPU.ActiveCfg = Release|Any CPU
		{7F88CC25-6509-44BB-8037-CD3193E933D6}.Release|Any CPU.Build.0 = Release|Any CPU
		{C9FBA4FE-9310-4E82-AA8E-7401F0C46175}.Debug|Any CPU.ActiveCfg = Debug|Any CPU
		{C9FBA4FE-9310-4E82-AA8E-7401F0C46175}.Debug|Any CPU.Build.0 = Debug|Any CPU
		{C9FBA4FE-9310-4E82-AA8E-7401F0C46175}.Release|Any CPU.ActiveCfg = Release|Any CPU
		{C9FBA4FE-9310-4E82-AA8E-7401F0C46175}.Release|Any CPU.Build.0 = Release|Any CPU
	EndGlobalSection
	GlobalSection(SolutionProperties) = preSolution
		HideSolutionNode = FALSE
	EndGlobalSection
	GlobalSection(NestedProjects) = preSolution
		{6CEA8BCC-80AF-4103-B5F3-90A6F7846393} = {E5BC0585-B1B8-4930-8BB8-5049394ABB1C}
		{C43FF3C9-B1AC-43E2-8347-221B0AF4094F} = {71518F80-1C51-4341-BBC0-70DC1F1940C2}
		{C3DC8DE7-F053-449A-9860-46A8BAEEEFD3} = {71518F80-1C51-4341-BBC0-70DC1F1940C2}
		{059F335E-128C-4F69-8104-320DA9B799FE} = {71518F80-1C51-4341-BBC0-70DC1F1940C2}
		{18F32FF2-FC29-4B47-8E64-8D7197462038} = {71518F80-1C51-4341-BBC0-70DC1F1940C2}
		{CB48D89B-F26F-45CA-87E0-2D9CFA32958A} = {631ECC76-99A7-4EB3-BBD3-36738F245A9F}
		{E3F4467D-7950-497F-827B-AD0CCE1D19A1} = {0A98C109-F5F7-408B-A6E9-846EA33770F6}
		{E19AA650-FCC7-4375-B3B7-878DA7242CF7} = {E5BC0585-B1B8-4930-8BB8-5049394ABB1C}
		{46622D69-6E8C-4A73-9169-3AF63605C06B} = {E5BC0585-B1B8-4930-8BB8-5049394ABB1C}
		{47080AF7-13A6-4298-ADFF-71731BDB9319} = {0A98C109-F5F7-408B-A6E9-846EA33770F6}
		{AD968CAE-C020-42A6-9A14-291AB6DB1BB3} = {0A98C109-F5F7-408B-A6E9-846EA33770F6}
		{4191D666-8729-486F-A0C4-317DACC2FCA0} = {71518F80-1C51-4341-BBC0-70DC1F1940C2}
		{5F799AFF-AAA6-47DC-81C8-E3F8343FBBD2} = {E5BC0585-B1B8-4930-8BB8-5049394ABB1C}
		{33FB43E3-13AB-45DC-8F39-FFAAA5A4BE87} = {5F799AFF-AAA6-47DC-81C8-E3F8343FBBD2}
		{591117DD-A776-4526-A351-8196C6F98D04} = {5F799AFF-AAA6-47DC-81C8-E3F8343FBBD2}
		{5D662C45-D5A3-4EBB-9FBD-A66BF600A690} = {5F799AFF-AAA6-47DC-81C8-E3F8343FBBD2}
		{9A390D1E-5919-4C25-9910-72130AFF3BA7} = {0A98C109-F5F7-408B-A6E9-846EA33770F6}
		{C9FBA4FE-9310-4E82-AA8E-7401F0C46175} = {631ECC76-99A7-4EB3-BBD3-36738F245A9F}
		{E5BC0585-B1B8-4930-8BB8-5049394ABB1C} = {8B65CC8C-559F-47B5-9A32-22AE626EC7A5}
	EndGlobalSection
	GlobalSection(ExtensibilityGlobals) = postSolution
		SolutionGuid = {37ABF9A8-F933-42EC-9440-EFA31273624C}
	EndGlobalSection
EndGlobal
